
Microsoft Visual Studio Solution File, Format Version 12.00
# Visual Studio Version 16
VisualStudioVersion = 16.0.31424.327
MinimumVisualStudioVersion = 10.0.40219.1
Project("{FAE04EC0-301F-11D3-BF4B-00C04F79EFBC}") = "Blackspaces", "Blackspaces\Blackspaces.csproj", "{D435633E-4FCA-4466-83ED-0A6BB583364D}"
EndProject
Global
	GlobalSection(SolutionConfigurationPlatforms) = preSolution
		Debug|Any CPU = Debug|Any CPU
		Release|Any CPU = Release|Any CPU
	EndGlobalSection
	GlobalSection(ProjectConfigurationPlatforms) = postSolution
		{D435633E-4FCA-4466-83ED-0A6BB583364D}.Debug|Any CPU.ActiveCfg = Debug|Any CPU
		{D435633E-4FCA-4466-83ED-0A6BB583364D}.Debug|Any CPU.Build.0 = Debug|Any CPU
		{D435633E-4FCA-4466-83ED-0A6BB583364D}.Release|Any CPU.ActiveCfg = Release|Any CPU
		{D435633E-4FCA-4466-83ED-0A6BB583364D}.Release|Any CPU.Build.0 = Release|Any CPU
	EndGlobalSection
	GlobalSection(SolutionProperties) = preSolution
		HideSolutionNode = FALSE
	EndGlobalSection
	GlobalSection(ExtensibilityGlobals) = postSolution
		SolutionGuid = {AB223C67-C83D-4BB7-BBCC-96064D5D85FB}
	EndGlobalSection
EndGlobal
